// !$*UTF8*$!
{
	archiveVersion = 1;
	classes = {
	};
	objectVersion = 46;
	objects = {

/* Begin PBXBuildFile section */
		63F2CC711CDAF0D800414BA3 /* main.m in Sources */ = {isa = PBXBuildFile; fileRef = 63F2CC701CDAF0D800414BA3 /* main.m */; };
		63F2CC741CDAF0D800414BA3 /* AppDelegate.m in Sources */ = {isa = PBXBuildFile; fileRef = 63F2CC731CDAF0D800414BA3 /* AppDelegate.m */; };
		63F2CC7A1CDAF0D800414BA3 /* Main.storyboard in Resources */ = {isa = PBXBuildFile; fileRef = 63F2CC781CDAF0D800414BA3 /* Main.storyboard */; };
		63F2CC7C1CDAF0D800414BA3 /* Assets.xcassets in Resources */ = {isa = PBXBuildFile; fileRef = 63F2CC7B1CDAF0D800414BA3 /* Assets.xcassets */; };
		63F2CC7F1CDAF0D800414BA3 /* LaunchScreen.storyboard in Resources */ = {isa = PBXBuildFile; fileRef = 63F2CC7D1CDAF0D800414BA3 /* LaunchScreen.storyboard */; };
		63F2CCB51CDB19F000414BA3 /* AFDownloadRequestOperation.m in Sources */ = {isa = PBXBuildFile; fileRef = 63F2CC8E1CDB19F000414BA3 /* AFDownloadRequestOperation.m */; };
		63F2CCB61CDB19F000414BA3 /* AFHTTPRequestOperation.m in Sources */ = {isa = PBXBuildFile; fileRef = 63F2CC901CDB19F000414BA3 /* AFHTTPRequestOperation.m */; };
		63F2CCB71CDB19F000414BA3 /* AFHTTPRequestOperationManager.m in Sources */ = {isa = PBXBuildFile; fileRef = 63F2CC921CDB19F000414BA3 /* AFHTTPRequestOperationManager.m */; };
		63F2CCB81CDB19F000414BA3 /* AFHTTPSessionManager.m in Sources */ = {isa = PBXBuildFile; fileRef = 63F2CC941CDB19F000414BA3 /* AFHTTPSessionManager.m */; };
		63F2CCB91CDB19F000414BA3 /* AFNetworkReachabilityManager.m in Sources */ = {isa = PBXBuildFile; fileRef = 63F2CC971CDB19F000414BA3 /* AFNetworkReachabilityManager.m */; };
		63F2CCBA1CDB19F000414BA3 /* AFSecurityPolicy.m in Sources */ = {isa = PBXBuildFile; fileRef = 63F2CC991CDB19F000414BA3 /* AFSecurityPolicy.m */; };
		63F2CCBB1CDB19F000414BA3 /* AFURLConnectionOperation.m in Sources */ = {isa = PBXBuildFile; fileRef = 63F2CC9B1CDB19F000414BA3 /* AFURLConnectionOperation.m */; };
		63F2CCBC1CDB19F000414BA3 /* AFURLRequestSerialization.m in Sources */ = {isa = PBXBuildFile; fileRef = 63F2CC9D1CDB19F000414BA3 /* AFURLRequestSerialization.m */; };
		63F2CCBD1CDB19F000414BA3 /* AFURLResponseSerialization.m in Sources */ = {isa = PBXBuildFile; fileRef = 63F2CC9F1CDB19F000414BA3 /* AFURLResponseSerialization.m */; };
		63F2CCBE1CDB19F000414BA3 /* AFURLSessionManager.m in Sources */ = {isa = PBXBuildFile; fileRef = 63F2CCA11CDB19F000414BA3 /* AFURLSessionManager.m */; };
		63F2CCBF1CDB19F000414BA3 /* AFNetworkActivityIndicatorManager.m in Sources */ = {isa = PBXBuildFile; fileRef = 63F2CCA41CDB19F000414BA3 /* AFNetworkActivityIndicatorManager.m */; };
		63F2CCC01CDB19F000414BA3 /* UIActivityIndicatorView+AFNetworking.m in Sources */ = {isa = PBXBuildFile; fileRef = 63F2CCA61CDB19F000414BA3 /* UIActivityIndicatorView+AFNetworking.m */; };
		63F2CCC11CDB19F000414BA3 /* UIAlertView+AFNetworking.m in Sources */ = {isa = PBXBuildFile; fileRef = 63F2CCA81CDB19F000414BA3 /* UIAlertView+AFNetworking.m */; };
		63F2CCC21CDB19F000414BA3 /* UIButton+AFNetworking.m in Sources */ = {isa = PBXBuildFile; fileRef = 63F2CCAA1CDB19F000414BA3 /* UIButton+AFNetworking.m */; };
		63F2CCC31CDB19F000414BA3 /* UIImageView+AFNetworking.m in Sources */ = {isa = PBXBuildFile; fileRef = 63F2CCAC1CDB19F000414BA3 /* UIImageView+AFNetworking.m */; };
		63F2CCC41CDB19F000414BA3 /* UIProgressView+AFNetworking.m in Sources */ = {isa = PBXBuildFile; fileRef = 63F2CCAF1CDB19F000414BA3 /* UIProgressView+AFNetworking.m */; };
		63F2CCC51CDB19F000414BA3 /* UIRefreshControl+AFNetworking.m in Sources */ = {isa = PBXBuildFile; fileRef = 63F2CCB11CDB19F000414BA3 /* UIRefreshControl+AFNetworking.m */; };
		63F2CCC61CDB19F000414BA3 /* UIWebView+AFNetworking.m in Sources */ = {isa = PBXBuildFile; fileRef = 63F2CCB31CDB19F000414BA3 /* UIWebView+AFNetworking.m */; };
		63F2CCCA1CDB1A2D00414BA3 /* YJSuperRootViewController.m in Sources */ = {isa = PBXBuildFile; fileRef = 63F2CCC91CDB1A2D00414BA3 /* YJSuperRootViewController.m */; };
		63F2CCCD1CDB1A7400414BA3 /* YJHomeViewController.m in Sources */ = {isa = PBXBuildFile; fileRef = 63F2CCCC1CDB1A7400414BA3 /* YJHomeViewController.m */; };
		63F2CCD01CDB1B3E00414BA3 /* YJBaseRequest.m in Sources */ = {isa = PBXBuildFile; fileRef = 63F2CCCF1CDB1B3E00414BA3 /* YJBaseRequest.m */; };
		63F2CCD31CDB1B8800414BA3 /* YJNetworkConfig.m in Sources */ = {isa = PBXBuildFile; fileRef = 63F2CCD21CDB1B8800414BA3 /* YJNetworkConfig.m */; };
		63F2CCD61CDB1F4700414BA3 /* YJNetworkPrivate.m in Sources */ = {isa = PBXBuildFile; fileRef = 63F2CCD51CDB1F4700414BA3 /* YJNetworkPrivate.m */; };
		63F2CCD91CDB205500414BA3 /* YJNetworkAgent.m in Sources */ = {isa = PBXBuildFile; fileRef = 63F2CCD81CDB205500414BA3 /* YJNetworkAgent.m */; };
		63F2CCDF1CDB26A400414BA3 /* YJRequest.m in Sources */ = {isa = PBXBuildFile; fileRef = 63F2CCDE1CDB26A400414BA3 /* YJRequest.m */; };
		63F2CCE21CDB2C3000414BA3 /* YTKUrlArgumentsFilter.m in Sources */ = {isa = PBXBuildFile; fileRef = 63F2CCE11CDB2C3000414BA3 /* YTKUrlArgumentsFilter.m */; };
		63F2CCE51CDB2E5300414BA3 /* YTKBatchRequest.m in Sources */ = {isa = PBXBuildFile; fileRef = 63F2CCE41CDB2E5300414BA3 /* YTKBatchRequest.m */; };
		63F2CCE81CDB2F6900414BA3 /* YJBatchRequestAgent.m in Sources */ = {isa = PBXBuildFile; fileRef = 63F2CCE71CDB2F6900414BA3 /* YJBatchRequestAgent.m */; };
		63F2CCEB1CDB310000414BA3 /* YTKChainRequest.m in Sources */ = {isa = PBXBuildFile; fileRef = 63F2CCEA1CDB310000414BA3 /* YTKChainRequest.m */; };
		63F2CCEE1CDB325A00414BA3 /* YTKChainRequestAgent.m in Sources */ = {isa = PBXBuildFile; fileRef = 63F2CCED1CDB325A00414BA3 /* YTKChainRequestAgent.m */; };
/* End PBXBuildFile section */

/* Begin PBXFileReference section */
		63F2CC6C1CDAF0D800414BA3 /* YJBSNetworking.app */ = {isa = PBXFileReference; explicitFileType = wrapper.application; includeInIndex = 0; path = YJBSNetworking.app; sourceTree = BUILT_PRODUCTS_DIR; };
		63F2CC701CDAF0D800414BA3 /* main.m */ = {isa = PBXFileReference; lastKnownFileType = sourcecode.c.objc; path = main.m; sourceTree = "<group>"; };
		63F2CC721CDAF0D800414BA3 /* AppDelegate.h */ = {isa = PBXFileReference; lastKnownFileType = sourcecode.c.h; path = AppDelegate.h; sourceTree = "<group>"; };
		63F2CC731CDAF0D800414BA3 /* AppDelegate.m */ = {isa = PBXFileReference; lastKnownFileType = sourcecode.c.objc; path = AppDelegate.m; sourceTree = "<group>"; };
		63F2CC791CDAF0D800414BA3 /* Base */ = {isa = PBXFileReference; lastKnownFileType = file.storyboard; name = Base; path = Base.lproj/Main.storyboard; sourceTree = "<group>"; };
		63F2CC7B1CDAF0D800414BA3 /* Assets.xcassets */ = {isa = PBXFileReference; lastKnownFileType = folder.assetcatalog; path = Assets.xcassets; sourceTree = "<group>"; };
		63F2CC7E1CDAF0D800414BA3 /* Base */ = {isa = PBXFileReference; lastKnownFileType = file.storyboard; name = Base; path = Base.lproj/LaunchScreen.storyboard; sourceTree = "<group>"; };
		63F2CC801CDAF0D800414BA3 /* Info.plist */ = {isa = PBXFileReference; lastKnownFileType = text.plist.xml; path = Info.plist; sourceTree = "<group>"; };
		63F2CC8D1CDB19F000414BA3 /* AFDownloadRequestOperation.h */ = {isa = PBXFileReference; fileEncoding = 4; lastKnownFileType = sourcecode.c.h; path = AFDownloadRequestOperation.h; sourceTree = "<group>"; };
		63F2CC8E1CDB19F000414BA3 /* AFDownloadRequestOperation.m */ = {isa = PBXFileReference; fileEncoding = 4; lastKnownFileType = sourcecode.c.objc; path = AFDownloadRequestOperation.m; sourceTree = "<group>"; };
		63F2CC8F1CDB19F000414BA3 /* AFHTTPRequestOperation.h */ = {isa = PBXFileReference; fileEncoding = 4; lastKnownFileType = sourcecode.c.h; path = AFHTTPRequestOperation.h; sourceTree = "<group>"; };
		63F2CC901CDB19F000414BA3 /* AFHTTPRequestOperation.m */ = {isa = PBXFileReference; fileEncoding = 4; lastKnownFileType = sourcecode.c.objc; path = AFHTTPRequestOperation.m; sourceTree = "<group>"; };
		63F2CC911CDB19F000414BA3 /* AFHTTPRequestOperationManager.h */ = {isa = PBXFileReference; fileEncoding = 4; lastKnownFileType = sourcecode.c.h; path = AFHTTPRequestOperationManager.h; sourceTree = "<group>"; };
		63F2CC921CDB19F000414BA3 /* AFHTTPRequestOperationManager.m */ = {isa = PBXFileReference; fileEncoding = 4; lastKnownFileType = sourcecode.c.objc; path = AFHTTPRequestOperationManager.m; sourceTree = "<group>"; };
		63F2CC931CDB19F000414BA3 /* AFHTTPSessionManager.h */ = {isa = PBXFileReference; fileEncoding = 4; lastKnownFileType = sourcecode.c.h; path = AFHTTPSessionManager.h; sourceTree = "<group>"; };
		63F2CC941CDB19F000414BA3 /* AFHTTPSessionManager.m */ = {isa = PBXFileReference; fileEncoding = 4; lastKnownFileType = sourcecode.c.objc; path = AFHTTPSessionManager.m; sourceTree = "<group>"; };
		63F2CC951CDB19F000414BA3 /* AFNetworking.h */ = {isa = PBXFileReference; fileEncoding = 4; lastKnownFileType = sourcecode.c.h; path = AFNetworking.h; sourceTree = "<group>"; };
		63F2CC961CDB19F000414BA3 /* AFNetworkReachabilityManager.h */ = {isa = PBXFileReference; fileEncoding = 4; lastKnownFileType = sourcecode.c.h; path = AFNetworkReachabilityManager.h; sourceTree = "<group>"; };
		63F2CC971CDB19F000414BA3 /* AFNetworkReachabilityManager.m */ = {isa = PBXFileReference; fileEncoding = 4; lastKnownFileType = sourcecode.c.objc; path = AFNetworkReachabilityManager.m; sourceTree = "<group>"; };
		63F2CC981CDB19F000414BA3 /* AFSecurityPolicy.h */ = {isa = PBXFileReference; fileEncoding = 4; lastKnownFileType = sourcecode.c.h; path = AFSecurityPolicy.h; sourceTree = "<group>"; };
		63F2CC991CDB19F000414BA3 /* AFSecurityPolicy.m */ = {isa = PBXFileReference; fileEncoding = 4; lastKnownFileType = sourcecode.c.objc; path = AFSecurityPolicy.m; sourceTree = "<group>"; };
		63F2CC9A1CDB19F000414BA3 /* AFURLConnectionOperation.h */ = {isa = PBXFileReference; fileEncoding = 4; lastKnownFileType = sourcecode.c.h; path = AFURLConnectionOperation.h; sourceTree = "<group>"; };
		63F2CC9B1CDB19F000414BA3 /* AFURLConnectionOperation.m */ = {isa = PBXFileReference; fileEncoding = 4; lastKnownFileType = sourcecode.c.objc; path = AFURLConnectionOperation.m; sourceTree = "<group>"; };
		63F2CC9C1CDB19F000414BA3 /* AFURLRequestSerialization.h */ = {isa = PBXFileReference; fileEncoding = 4; lastKnownFileType = sourcecode.c.h; path = AFURLRequestSerialization.h; sourceTree = "<group>"; };
		63F2CC9D1CDB19F000414BA3 /* AFURLRequestSerialization.m */ = {isa = PBXFileReference; fileEncoding = 4; lastKnownFileType = sourcecode.c.objc; path = AFURLRequestSerialization.m; sourceTree = "<group>"; };
		63F2CC9E1CDB19F000414BA3 /* AFURLResponseSerialization.h */ = {isa = PBXFileReference; fileEncoding = 4; lastKnownFileType = sourcecode.c.h; path = AFURLResponseSerialization.h; sourceTree = "<group>"; };
		63F2CC9F1CDB19F000414BA3 /* AFURLResponseSerialization.m */ = {isa = PBXFileReference; fileEncoding = 4; lastKnownFileType = sourcecode.c.objc; path = AFURLResponseSerialization.m; sourceTree = "<group>"; };
		63F2CCA01CDB19F000414BA3 /* AFURLSessionManager.h */ = {isa = PBXFileReference; fileEncoding = 4; lastKnownFileType = sourcecode.c.h; path = AFURLSessionManager.h; sourceTree = "<group>"; };
		63F2CCA11CDB19F000414BA3 /* AFURLSessionManager.m */ = {isa = PBXFileReference; fileEncoding = 4; lastKnownFileType = sourcecode.c.objc; path = AFURLSessionManager.m; sourceTree = "<group>"; };
		63F2CCA31CDB19F000414BA3 /* AFNetworkActivityIndicatorManager.h */ = {isa = PBXFileReference; fileEncoding = 4; lastKnownFileType = sourcecode.c.h; path = AFNetworkActivityIndicatorManager.h; sourceTree = "<group>"; };
		63F2CCA41CDB19F000414BA3 /* AFNetworkActivityIndicatorManager.m */ = {isa = PBXFileReference; fileEncoding = 4; lastKnownFileType = sourcecode.c.objc; path = AFNetworkActivityIndicatorManager.m; sourceTree = "<group>"; };
		63F2CCA51CDB19F000414BA3 /* UIActivityIndicatorView+AFNetworking.h */ = {isa = PBXFileReference; fileEncoding = 4; lastKnownFileType = sourcecode.c.h; path = "UIActivityIndicatorView+AFNetworking.h"; sourceTree = "<group>"; };
		63F2CCA61CDB19F000414BA3 /* UIActivityIndicatorView+AFNetworking.m */ = {isa = PBXFileReference; fileEncoding = 4; lastKnownFileType = sourcecode.c.objc; path = "UIActivityIndicatorView+AFNetworking.m"; sourceTree = "<group>"; };
		63F2CCA71CDB19F000414BA3 /* UIAlertView+AFNetworking.h */ = {isa = PBXFileReference; fileEncoding = 4; lastKnownFileType = sourcecode.c.h; path = "UIAlertView+AFNetworking.h"; sourceTree = "<group>"; };
		63F2CCA81CDB19F000414BA3 /* UIAlertView+AFNetworking.m */ = {isa = PBXFileReference; fileEncoding = 4; lastKnownFileType = sourcecode.c.objc; path = "UIAlertView+AFNetworking.m"; sourceTree = "<group>"; };
		63F2CCA91CDB19F000414BA3 /* UIButton+AFNetworking.h */ = {isa = PBXFileReference; fileEncoding = 4; lastKnownFileType = sourcecode.c.h; path = "UIButton+AFNetworking.h"; sourceTree = "<group>"; };
		63F2CCAA1CDB19F000414BA3 /* UIButton+AFNetworking.m */ = {isa = PBXFileReference; fileEncoding = 4; lastKnownFileType = sourcecode.c.objc; path = "UIButton+AFNetworking.m"; sourceTree = "<group>"; };
		63F2CCAB1CDB19F000414BA3 /* UIImageView+AFNetworking.h */ = {isa = PBXFileReference; fileEncoding = 4; lastKnownFileType = sourcecode.c.h; path = "UIImageView+AFNetworking.h"; sourceTree = "<group>"; };
		63F2CCAC1CDB19F000414BA3 /* UIImageView+AFNetworking.m */ = {isa = PBXFileReference; fileEncoding = 4; lastKnownFileType = sourcecode.c.objc; path = "UIImageView+AFNetworking.m"; sourceTree = "<group>"; };
		63F2CCAD1CDB19F000414BA3 /* UIKit+AFNetworking.h */ = {isa = PBXFileReference; fileEncoding = 4; lastKnownFileType = sourcecode.c.h; path = "UIKit+AFNetworking.h"; sourceTree = "<group>"; };
		63F2CCAE1CDB19F000414BA3 /* UIProgressView+AFNetworking.h */ = {isa = PBXFileReference; fileEncoding = 4; lastKnownFileType = sourcecode.c.h; path = "UIProgressView+AFNetworking.h"; sourceTree = "<group>"; };
		63F2CCAF1CDB19F000414BA3 /* UIProgressView+AFNetworking.m */ = {isa = PBXFileReference; fileEncoding = 4; lastKnownFileType = sourcecode.c.objc; path = "UIProgressView+AFNetworking.m"; sourceTree = "<group>"; };
		63F2CCB01CDB19F000414BA3 /* UIRefreshControl+AFNetworking.h */ = {isa = PBXFileReference; fileEncoding = 4; lastKnownFileType = sourcecode.c.h; path = "UIRefreshControl+AFNetworking.h"; sourceTree = "<group>"; };
		63F2CCB11CDB19F000414BA3 /* UIRefreshControl+AFNetworking.m */ = {isa = PBXFileReference; fileEncoding = 4; lastKnownFileType = sourcecode.c.objc; path = "UIRefreshControl+AFNetworking.m"; sourceTree = "<group>"; };
		63F2CCB21CDB19F000414BA3 /* UIWebView+AFNetworking.h */ = {isa = PBXFileReference; fileEncoding = 4; lastKnownFileType = sourcecode.c.h; path = "UIWebView+AFNetworking.h"; sourceTree = "<group>"; };
		63F2CCB31CDB19F000414BA3 /* UIWebView+AFNetworking.m */ = {isa = PBXFileReference; fileEncoding = 4; lastKnownFileType = sourcecode.c.objc; path = "UIWebView+AFNetworking.m"; sourceTree = "<group>"; };
		63F2CCC81CDB1A2D00414BA3 /* YJSuperRootViewController.h */ = {isa = PBXFileReference; fileEncoding = 4; lastKnownFileType = sourcecode.c.h; path = YJSuperRootViewController.h; sourceTree = "<group>"; };
		63F2CCC91CDB1A2D00414BA3 /* YJSuperRootViewController.m */ = {isa = PBXFileReference; fileEncoding = 4; lastKnownFileType = sourcecode.c.objc; path = YJSuperRootViewController.m; sourceTree = "<group>"; };
		63F2CCCB1CDB1A7400414BA3 /* YJHomeViewController.h */ = {isa = PBXFileReference; fileEncoding = 4; lastKnownFileType = sourcecode.c.h; path = YJHomeViewController.h; sourceTree = "<group>"; };
		63F2CCCC1CDB1A7400414BA3 /* YJHomeViewController.m */ = {isa = PBXFileReference; fileEncoding = 4; lastKnownFileType = sourcecode.c.objc; path = YJHomeViewController.m; sourceTree = "<group>"; };
		63F2CCCE1CDB1B3E00414BA3 /* YJBaseRequest.h */ = {isa = PBXFileReference; fileEncoding = 4; lastKnownFileType = sourcecode.c.h; path = YJBaseRequest.h; sourceTree = "<group>"; };
		63F2CCCF1CDB1B3E00414BA3 /* YJBaseRequest.m */ = {isa = PBXFileReference; fileEncoding = 4; lastKnownFileType = sourcecode.c.objc; path = YJBaseRequest.m; sourceTree = "<group>"; };
		63F2CCD11CDB1B8800414BA3 /* YJNetworkConfig.h */ = {isa = PBXFileReference; fileEncoding = 4; lastKnownFileType = sourcecode.c.h; path = YJNetworkConfig.h; sourceTree = "<group>"; };
		63F2CCD21CDB1B8800414BA3 /* YJNetworkConfig.m */ = {isa = PBXFileReference; fileEncoding = 4; lastKnownFileType = sourcecode.c.objc; path = YJNetworkConfig.m; sourceTree = "<group>"; };
		63F2CCD41CDB1F4700414BA3 /* YJNetworkPrivate.h */ = {isa = PBXFileReference; fileEncoding = 4; lastKnownFileType = sourcecode.c.h; path = YJNetworkPrivate.h; sourceTree = "<group>"; };
		63F2CCD51CDB1F4700414BA3 /* YJNetworkPrivate.m */ = {isa = PBXFileReference; fileEncoding = 4; lastKnownFileType = sourcecode.c.objc; path = YJNetworkPrivate.m; sourceTree = "<group>"; };
		63F2CCD71CDB205500414BA3 /* YJNetworkAgent.h */ = {isa = PBXFileReference; fileEncoding = 4; lastKnownFileType = sourcecode.c.h; path = YJNetworkAgent.h; sourceTree = "<group>"; };
		63F2CCD81CDB205500414BA3 /* YJNetworkAgent.m */ = {isa = PBXFileReference; fileEncoding = 4; lastKnownFileType = sourcecode.c.objc; path = YJNetworkAgent.m; sourceTree = "<group>"; };
		63F2CCDD1CDB26A400414BA3 /* YJRequest.h */ = {isa = PBXFileReference; fileEncoding = 4; lastKnownFileType = sourcecode.c.h; path = YJRequest.h; sourceTree = "<group>"; };
		63F2CCDE1CDB26A400414BA3 /* YJRequest.m */ = {isa = PBXFileReference; fileEncoding = 4; lastKnownFileType = sourcecode.c.objc; path = YJRequest.m; sourceTree = "<group>"; };
		63F2CCE01CDB2C3000414BA3 /* YTKUrlArgumentsFilter.h */ = {isa = PBXFileReference; fileEncoding = 4; lastKnownFileType = sourcecode.c.h; path = YTKUrlArgumentsFilter.h; sourceTree = "<group>"; };
		63F2CCE11CDB2C3000414BA3 /* YTKUrlArgumentsFilter.m */ = {isa = PBXFileReference; fileEncoding = 4; lastKnownFileType = sourcecode.c.objc; path = YTKUrlArgumentsFilter.m; sourceTree = "<group>"; };
		63F2CCE31CDB2E5300414BA3 /* YTKBatchRequest.h */ = {isa = PBXFileReference; fileEncoding = 4; lastKnownFileType = sourcecode.c.h; path = YTKBatchRequest.h; sourceTree = "<group>"; };
		63F2CCE41CDB2E5300414BA3 /* YTKBatchRequest.m */ = {isa = PBXFileReference; fileEncoding = 4; lastKnownFileType = sourcecode.c.objc; path = YTKBatchRequest.m; sourceTree = "<group>"; };
		63F2CCE61CDB2F6900414BA3 /* YJBatchRequestAgent.h */ = {isa = PBXFileReference; fileEncoding = 4; lastKnownFileType = sourcecode.c.h; path = YJBatchRequestAgent.h; sourceTree = "<group>"; };
		63F2CCE71CDB2F6900414BA3 /* YJBatchRequestAgent.m */ = {isa = PBXFileReference; fileEncoding = 4; lastKnownFileType = sourcecode.c.objc; path = YJBatchRequestAgent.m; sourceTree = "<group>"; };
		63F2CCE91CDB310000414BA3 /* YTKChainRequest.h */ = {isa = PBXFileReference; fileEncoding = 4; lastKnownFileType = sourcecode.c.h; path = YTKChainRequest.h; sourceTree = "<group>"; };
		63F2CCEA1CDB310000414BA3 /* YTKChainRequest.m */ = {isa = PBXFileReference; fileEncoding = 4; lastKnownFileType = sourcecode.c.objc; path = YTKChainRequest.m; sourceTree = "<group>"; };
		63F2CCEC1CDB325A00414BA3 /* YTKChainRequestAgent.h */ = {isa = PBXFileReference; fileEncoding = 4; lastKnownFileType = sourcecode.c.h; path = YTKChainRequestAgent.h; sourceTree = "<group>"; };
		63F2CCED1CDB325A00414BA3 /* YTKChainRequestAgent.m */ = {isa = PBXFileReference; fileEncoding = 4; lastKnownFileType = sourcecode.c.objc; path = YTKChainRequestAgent.m; sourceTree = "<group>"; };
/* End PBXFileReference section */

/* Begin PBXFrameworksBuildPhase section */
		63F2CC691CDAF0D800414BA3 /* Frameworks */ = {
			isa = PBXFrameworksBuildPhase;
			buildActionMask = 2147483647;
			files = (
			);
			runOnlyForDeploymentPostprocessing = 0;
		};
/* End PBXFrameworksBuildPhase section */

/* Begin PBXGroup section */
		63F2CC631CDAF0D800414BA3 = {
			isa = PBXGroup;
			children = (
				63F2CC6E1CDAF0D800414BA3 /* YJBSNetworking */,
				63F2CC6D1CDAF0D800414BA3 /* Products */,
			);
			sourceTree = "<group>";
		};
		63F2CC6D1CDAF0D800414BA3 /* Products */ = {
			isa = PBXGroup;
			children = (
				63F2CC6C1CDAF0D800414BA3 /* YJBSNetworking.app */,
			);
			name = Products;
			sourceTree = "<group>";
		};
		63F2CC6E1CDAF0D800414BA3 /* YJBSNetworking */ = {
			isa = PBXGroup;
			children = (
				63F2CCE01CDB2C3000414BA3 /* YTKUrlArgumentsFilter.h */,
				63F2CCE11CDB2C3000414BA3 /* YTKUrlArgumentsFilter.m */,
				63F2CCC71CDB1A2D00414BA3 /* YJRootViewController */,
				63F2CC8B1CDB19F000414BA3 /* AFNetworking */,
				63F2CCB41CDB19F000414BA3 /* YJBSNetworking */,
				63F2CC721CDAF0D800414BA3 /* AppDelegate.h */,
				63F2CC731CDAF0D800414BA3 /* AppDelegate.m */,
				63F2CCCB1CDB1A7400414BA3 /* YJHomeViewController.h */,
				63F2CCCC1CDB1A7400414BA3 /* YJHomeViewController.m */,
				63F2CC6F1CDAF0D800414BA3 /* Supporting Files */,
			);
			path = YJBSNetworking;
			sourceTree = "<group>";
		};
		63F2CC6F1CDAF0D800414BA3 /* Supporting Files */ = {
			isa = PBXGroup;
			children = (
				63F2CC781CDAF0D800414BA3 /* Main.storyboard */,
				63F2CC7B1CDAF0D800414BA3 /* Assets.xcassets */,
				63F2CC7D1CDAF0D800414BA3 /* LaunchScreen.storyboard */,
				63F2CC801CDAF0D800414BA3 /* Info.plist */,
				63F2CC701CDAF0D800414BA3 /* main.m */,
			);
			name = "Supporting Files";
			sourceTree = "<group>";
		};
		63F2CC8B1CDB19F000414BA3 /* AFNetworking */ = {
			isa = PBXGroup;
			children = (
				63F2CC8C1CDB19F000414BA3 /* AFDownloadRequestOperation */,
				63F2CC8F1CDB19F000414BA3 /* AFHTTPRequestOperation.h */,
				63F2CC901CDB19F000414BA3 /* AFHTTPRequestOperation.m */,
				63F2CC911CDB19F000414BA3 /* AFHTTPRequestOperationManager.h */,
				63F2CC921CDB19F000414BA3 /* AFHTTPRequestOperationManager.m */,
				63F2CC931CDB19F000414BA3 /* AFHTTPSessionManager.h */,
				63F2CC941CDB19F000414BA3 /* AFHTTPSessionManager.m */,
				63F2CC951CDB19F000414BA3 /* AFNetworking.h */,
				63F2CC961CDB19F000414BA3 /* AFNetworkReachabilityManager.h */,
				63F2CC971CDB19F000414BA3 /* AFNetworkReachabilityManager.m */,
				63F2CC981CDB19F000414BA3 /* AFSecurityPolicy.h */,
				63F2CC991CDB19F000414BA3 /* AFSecurityPolicy.m */,
				63F2CC9A1CDB19F000414BA3 /* AFURLConnectionOperation.h */,
				63F2CC9B1CDB19F000414BA3 /* AFURLConnectionOperation.m */,
				63F2CC9C1CDB19F000414BA3 /* AFURLRequestSerialization.h */,
				63F2CC9D1CDB19F000414BA3 /* AFURLRequestSerialization.m */,
				63F2CC9E1CDB19F000414BA3 /* AFURLResponseSerialization.h */,
				63F2CC9F1CDB19F000414BA3 /* AFURLResponseSerialization.m */,
				63F2CCA01CDB19F000414BA3 /* AFURLSessionManager.h */,
				63F2CCA11CDB19F000414BA3 /* AFURLSessionManager.m */,
				63F2CCA21CDB19F000414BA3 /* UIKit+AFNetworking */,
			);
			path = AFNetworking;
			sourceTree = "<group>";
		};
		63F2CC8C1CDB19F000414BA3 /* AFDownloadRequestOperation */ = {
			isa = PBXGroup;
			children = (
				63F2CC8D1CDB19F000414BA3 /* AFDownloadRequestOperation.h */,
				63F2CC8E1CDB19F000414BA3 /* AFDownloadRequestOperation.m */,
			);
			path = AFDownloadRequestOperation;
			sourceTree = "<group>";
		};
		63F2CCA21CDB19F000414BA3 /* UIKit+AFNetworking */ = {
			isa = PBXGroup;
			children = (
				63F2CCA31CDB19F000414BA3 /* AFNetworkActivityIndicatorManager.h */,
				63F2CCA41CDB19F000414BA3 /* AFNetworkActivityIndicatorManager.m */,
				63F2CCA51CDB19F000414BA3 /* UIActivityIndicatorView+AFNetworking.h */,
				63F2CCA61CDB19F000414BA3 /* UIActivityIndicatorView+AFNetworking.m */,
				63F2CCA71CDB19F000414BA3 /* UIAlertView+AFNetworking.h */,
				63F2CCA81CDB19F000414BA3 /* UIAlertView+AFNetworking.m */,
				63F2CCA91CDB19F000414BA3 /* UIButton+AFNetworking.h */,
				63F2CCAA1CDB19F000414BA3 /* UIButton+AFNetworking.m */,
				63F2CCAB1CDB19F000414BA3 /* UIImageView+AFNetworking.h */,
				63F2CCAC1CDB19F000414BA3 /* UIImageView+AFNetworking.m */,
				63F2CCAD1CDB19F000414BA3 /* UIKit+AFNetworking.h */,
				63F2CCAE1CDB19F000414BA3 /* UIProgressView+AFNetworking.h */,
				63F2CCAF1CDB19F000414BA3 /* UIProgressView+AFNetworking.m */,
				63F2CCB01CDB19F000414BA3 /* UIRefreshControl+AFNetworking.h */,
				63F2CCB11CDB19F000414BA3 /* UIRefreshControl+AFNetworking.m */,
				63F2CCB21CDB19F000414BA3 /* UIWebView+AFNetworking.h */,
				63F2CCB31CDB19F000414BA3 /* UIWebView+AFNetworking.m */,
			);
			path = "UIKit+AFNetworking";
			sourceTree = "<group>";
		};
		63F2CCB41CDB19F000414BA3 /* YJBSNetworking */ = {
			isa = PBXGroup;
			children = (
				63F2CCCE1CDB1B3E00414BA3 /* YJBaseRequest.h */,
				63F2CCCF1CDB1B3E00414BA3 /* YJBaseRequest.m */,
				63F2CCD11CDB1B8800414BA3 /* YJNetworkConfig.h */,
				63F2CCD21CDB1B8800414BA3 /* YJNetworkConfig.m */,
				63F2CCD41CDB1F4700414BA3 /* YJNetworkPrivate.h */,
				63F2CCD51CDB1F4700414BA3 /* YJNetworkPrivate.m */,
				63F2CCD71CDB205500414BA3 /* YJNetworkAgent.h */,
				63F2CCD81CDB205500414BA3 /* YJNetworkAgent.m */,
				63F2CCE31CDB2E5300414BA3 /* YTKBatchRequest.h */,
				63F2CCE41CDB2E5300414BA3 /* YTKBatchRequest.m */,
				63F2CCE91CDB310000414BA3 /* YTKChainRequest.h */,
				63F2CCEA1CDB310000414BA3 /* YTKChainRequest.m */,
				63F2CCE61CDB2F6900414BA3 /* YJBatchRequestAgent.h */,
				63F2CCE71CDB2F6900414BA3 /* YJBatchRequestAgent.m */,
				63F2CCEC1CDB325A00414BA3 /* YTKChainRequestAgent.h */,
				63F2CCED1CDB325A00414BA3 /* YTKChainRequestAgent.m */,
				63F2CCDD1CDB26A400414BA3 /* YJRequest.h */,
				63F2CCDE1CDB26A400414BA3 /* YJRequest.m */,
			);
			path = YJBSNetworking;
			sourceTree = "<group>";
		};
		63F2CCC71CDB1A2D00414BA3 /* YJRootViewController */ = {
			isa = PBXGroup;
			children = (
				63F2CCC81CDB1A2D00414BA3 /* YJSuperRootViewController.h */,
				63F2CCC91CDB1A2D00414BA3 /* YJSuperRootViewController.m */,
			);
			path = YJRootViewController;
			sourceTree = "<group>";
		};
/* End PBXGroup section */

/* Begin PBXNativeTarget section */
		63F2CC6B1CDAF0D800414BA3 /* YJBSNetworking */ = {
			isa = PBXNativeTarget;
			buildConfigurationList = 63F2CC831CDAF0D800414BA3 /* Build configuration list for PBXNativeTarget "YJBSNetworking" */;
			buildPhases = (
				63F2CC681CDAF0D800414BA3 /* Sources */,
				63F2CC691CDAF0D800414BA3 /* Frameworks */,
				63F2CC6A1CDAF0D800414BA3 /* Resources */,
			);
			buildRules = (
			);
			dependencies = (
			);
			name = YJBSNetworking;
			productName = YJBSNetworking;
			productReference = 63F2CC6C1CDAF0D800414BA3 /* YJBSNetworking.app */;
			productType = "com.apple.product-type.application";
		};
/* End PBXNativeTarget section */

/* Begin PBXProject section */
		63F2CC641CDAF0D800414BA3 /* Project object */ = {
			isa = PBXProject;
			attributes = {
				CLASSPREFIX = YJ;
				LastUpgradeCheck = 0720;
				ORGANIZATIONNAME = ismonkey.com;
				TargetAttributes = {
					63F2CC6B1CDAF0D800414BA3 = {
						CreatedOnToolsVersion = 7.2;
					};
				};
			};
			buildConfigurationList = 63F2CC671CDAF0D800414BA3 /* Build configuration list for PBXProject "YJBSNetworking" */;
			compatibilityVersion = "Xcode 3.2";
			developmentRegion = English;
			hasScannedForEncodings = 0;
			knownRegions = (
				en,
				Base,
			);
			mainGroup = 63F2CC631CDAF0D800414BA3;
			productRefGroup = 63F2CC6D1CDAF0D800414BA3 /* Products */;
			projectDirPath = "";
			projectRoot = "";
			targets = (
				63F2CC6B1CDAF0D800414BA3 /* YJBSNetworking */,
			);
		};
/* End PBXProject section */

/* Begin PBXResourcesBuildPhase section */
		63F2CC6A1CDAF0D800414BA3 /* Resources */ = {
			isa = PBXResourcesBuildPhase;
			buildActionMask = 2147483647;
			files = (
				63F2CC7F1CDAF0D800414BA3 /* LaunchScreen.storyboard in Resources */,
				63F2CC7C1CDAF0D800414BA3 /* Assets.xcassets in Resources */,
				63F2CC7A1CDAF0D800414BA3 /* Main.storyboard in Resources */,
			);
			runOnlyForDeploymentPostprocessing = 0;
		};
/* End PBXResourcesBuildPhase section */

/* Begin PBXSourcesBuildPhase section */
		63F2CC681CDAF0D800414BA3 /* Sources */ = {
			isa = PBXSourcesBuildPhase;
			buildActionMask = 2147483647;
			files = (
				63F2CCB61CDB19F000414BA3 /* AFHTTPRequestOperation.m in Sources */,
				63F2CCC31CDB19F000414BA3 /* UIImageView+AFNetworking.m in Sources */,
				63F2CCB51CDB19F000414BA3 /* AFDownloadRequestOperation.m in Sources */,
				63F2CCEB1CDB310000414BA3 /* YTKChainRequest.m in Sources */,
				63F2CCEE1CDB325A00414BA3 /* YTKChainRequestAgent.m in Sources */,
				63F2CCB71CDB19F000414BA3 /* AFHTTPRequestOperationManager.m in Sources */,
				63F2CCCD1CDB1A7400414BA3 /* YJHomeViewController.m in Sources */,
				63F2CCE81CDB2F6900414BA3 /* YJBatchRequestAgent.m in Sources */,
				63F2CCE21CDB2C3000414BA3 /* YTKUrlArgumentsFilter.m in Sources */,
				63F2CCD91CDB205500414BA3 /* YJNetworkAgent.m in Sources */,
				63F2CCD01CDB1B3E00414BA3 /* YJBaseRequest.m in Sources */,
				63F2CCC41CDB19F000414BA3 /* UIProgressView+AFNetworking.m in Sources */,
				63F2CCD31CDB1B8800414BA3 /* YJNetworkConfig.m in Sources */,
				63F2CCE51CDB2E5300414BA3 /* YTKBatchRequest.m in Sources */,
				63F2CCB91CDB19F000414BA3 /* AFNetworkReachabilityManager.m in Sources */,
				63F2CCBD1CDB19F000414BA3 /* AFURLResponseSerialization.m in Sources */,
				63F2CCBB1CDB19F000414BA3 /* AFURLConnectionOperation.m in Sources */,
				63F2CCC21CDB19F000414BA3 /* UIButton+AFNetworking.m in Sources */,
				63F2CCCA1CDB1A2D00414BA3 /* YJSuperRootViewController.m in Sources */,
				63F2CCDF1CDB26A400414BA3 /* YJRequest.m in Sources */,
				63F2CCC01CDB19F000414BA3 /* UIActivityIndicatorView+AFNetworking.m in Sources */,
				63F2CCBA1CDB19F000414BA3 /* AFSecurityPolicy.m in Sources */,
				63F2CCD61CDB1F4700414BA3 /* YJNetworkPrivate.m in Sources */,
				63F2CCC51CDB19F000414BA3 /* UIRefreshControl+AFNetworking.m in Sources */,
				63F2CCC61CDB19F000414BA3 /* UIWebView+AFNetworking.m in Sources */,
				63F2CCB81CDB19F000414BA3 /* AFHTTPSessionManager.m in Sources */,
				63F2CCC11CDB19F000414BA3 /* UIAlertView+AFNetworking.m in Sources */,
				63F2CCBC1CDB19F000414BA3 /* AFURLRequestSerialization.m in Sources */,
				63F2CCBF1CDB19F000414BA3 /* AFNetworkActivityIndicatorManager.m in Sources */,
				63F2CCBE1CDB19F000414BA3 /* AFURLSessionManager.m in Sources */,
				63F2CC741CDAF0D800414BA3 /* AppDelegate.m in Sources */,
				63F2CC711CDAF0D800414BA3 /* main.m in Sources */,
			);
			runOnlyForDeploymentPostprocessing = 0;
		};
/* End PBXSourcesBuildPhase section */

/* Begin PBXVariantGroup section */
		63F2CC781CDAF0D800414BA3 /* Main.storyboard */ = {
			isa = PBXVariantGroup;
			children = (
				63F2CC791CDAF0D800414BA3 /* Base */,
			);
			name = Main.storyboard;
			sourceTree = "<group>";
		};
		63F2CC7D1CDAF0D800414BA3 /* LaunchScreen.storyboard */ = {
			isa = PBXVariantGroup;
			children = (
				63F2CC7E1CDAF0D800414BA3 /* Base */,
			);
			name = LaunchScreen.storyboard;
			sourceTree = "<group>";
		};
/* End PBXVariantGroup section */

/* Begin XCBuildConfiguration section */
		63F2CC811CDAF0D800414BA3 /* Debug */ = {
			isa = XCBuildConfiguration;
			buildSettings = {
				ALWAYS_SEARCH_USER_PATHS = NO;
				CLANG_CXX_LANGUAGE_STANDARD = "gnu++0x";
				CLANG_CXX_LIBRARY = "libc++";
				CLANG_ENABLE_MODULES = YES;
				CLANG_ENABLE_OBJC_ARC = YES;
				CLANG_WARN_BOOL_CONVERSION = YES;
				CLANG_WARN_CONSTANT_CONVERSION = YES;
				CLANG_WARN_DIRECT_OBJC_ISA_USAGE = YES_ERROR;
				CLANG_WARN_EMPTY_BODY = YES;
				CLANG_WARN_ENUM_CONVERSION = YES;
				CLANG_WARN_INT_CONVERSION = YES;
				CLANG_WARN_OBJC_ROOT_CLASS = YES_ERROR;
				CLANG_WARN_UNREACHABLE_CODE = YES;
				CLANG_WARN__DUPLICATE_METHOD_MATCH = YES;
				"CODE_SIGN_IDENTITY[sdk=iphoneos*]" = "iPhone Developer";
				COPY_PHASE_STRIP = NO;
				DEBUG_INFORMATION_FORMAT = dwarf;
				ENABLE_STRICT_OBJC_MSGSEND = YES;
				ENABLE_TESTABILITY = YES;
				GCC_C_LANGUAGE_STANDARD = gnu99;
				GCC_DYNAMIC_NO_PIC = NO;
				GCC_NO_COMMON_BLOCKS = YES;
				GCC_OPTIMIZATION_LEVEL = 0;
				GCC_PREPROCESSOR_DEFINITIONS = (
					"DEBUG=1",
					"$(inherited)",
				);
				GCC_WARN_64_TO_32_BIT_CONVERSION = YES;
				GCC_WARN_ABOUT_RETURN_TYPE = YES_ERROR;
				GCC_WARN_UNDECLARED_SELECTOR = YES;
				GCC_WARN_UNINITIALIZED_AUTOS = YES_AGGRESSIVE;
				GCC_WARN_UNUSED_FUNCTION = YES;
				GCC_WARN_UNUSED_VARIABLE = YES;
				IPHONEOS_DEPLOYMENT_TARGET = 9.2;
				MTL_ENABLE_DEBUG_INFO = YES;
				ONLY_ACTIVE_ARCH = YES;
				SDKROOT = iphoneos;
			};
			name = Debug;
		};
		63F2CC821CDAF0D800414BA3 /* Release */ = {
			isa = XCBuildConfiguration;
			buildSettings = {
				ALWAYS_SEARCH_USER_PATHS = NO;
				CLANG_CXX_LANGUAGE_STANDARD = "gnu++0x";
				CLANG_CXX_LIBRARY = "libc++";
				CLANG_ENABLE_MODULES = YES;
				CLANG_ENABLE_OBJC_ARC = YES;
				CLANG_WARN_BOOL_CONVERSION = YES;
				CLANG_WARN_CONSTANT_CONVERSION = YES;
				CLANG_WARN_DIRECT_OBJC_ISA_USAGE = YES_ERROR;
				CLANG_WARN_EMPTY_BODY = YES;
				CLANG_WARN_ENUM_CONVERSION = YES;
				CLANG_WARN_INT_CONVERSION = YES;
				CLANG_WARN_OBJC_ROOT_CLASS = YES_ERROR;
				CLANG_WARN_UNREACHABLE_CODE = YES;
				CLANG_WARN__DUPLICATE_METHOD_MATCH = YES;
				"CODE_SIGN_IDENTITY[sdk=iphoneos*]" = "iPhone Developer";
				COPY_PHASE_STRIP = NO;
				DEBUG_INFORMATION_FORMAT = "dwarf-with-dsym";
				ENABLE_NS_ASSERTIONS = NO;
				ENABLE_STRICT_OBJC_MSGSEND = YES;
				GCC_C_LANGUAGE_STANDARD = gnu99;
				GCC_NO_COMMON_BLOCKS = YES;
				GCC_WARN_64_TO_32_BIT_CONVERSION = YES;
				GCC_WARN_ABOUT_RETURN_TYPE = YES_ERROR;
				GCC_WARN_UNDECLARED_SELECTOR = YES;
				GCC_WARN_UNINITIALIZED_AUTOS = YES_AGGRESSIVE;
				GCC_WARN_UNUSED_FUNCTION = YES;
				GCC_WARN_UNUSED_VARIABLE = YES;
				IPHONEOS_DEPLOYMENT_TARGET = 9.2;
				MTL_ENABLE_DEBUG_INFO = NO;
				SDKROOT = iphoneos;
				VALIDATE_PRODUCT = YES;
			};
			name = Release;
		};
		63F2CC841CDAF0D800414BA3 /* Debug */ = {
			isa = XCBuildConfiguration;
			buildSettings = {
				ASSETCATALOG_COMPILER_APPICON_NAME = AppIcon;
				INFOPLIST_FILE = YJBSNetworking/Info.plist;
				IPHONEOS_DEPLOYMENT_TARGET = 7.1;
				LD_RUNPATH_SEARCH_PATHS = "$(inherited) @executable_path/Frameworks";
				PRODUCT_BUNDLE_IDENTIFIER = com.ismonkey.YJBSNetworking;
				PRODUCT_NAME = "$(TARGET_NAME)";
			};
			name = Debug;
		};
		63F2CC851CDAF0D800414BA3 /* Release */ = {
			isa = XCBuildConfiguration;
			buildSettings = {
				ASSETCATALOG_COMPILER_APPICON_NAME = AppIcon;
				INFOPLIST_FILE = YJBSNetworking/Info.plist;
				IPHONEOS_DEPLOYMENT_TARGET = 7.1;
				LD_RUNPATH_SEARCH_PATHS = "$(inherited) @executable_path/Frameworks";
				PRODUCT_BUNDLE_IDENTIFIER = com.ismonkey.YJBSNetworking;
				PRODUCT_NAME = "$(TARGET_NAME)";
			};
			name = Release;
		};
/* End XCBuildConfiguration section */

/* Begin XCConfigurationList section */
		63F2CC671CDAF0D800414BA3 /* Build configuration list for PBXProject "YJBSNetworking" */ = {
			isa = XCConfigurationList;
			buildConfigurations = (
				63F2CC811CDAF0D800414BA3 /* Debug */,
				63F2CC821CDAF0D800414BA3 /* Release */,
			);
			defaultConfigurationIsVisible = 0;
			defaultConfigurationName = Release;
		};
		63F2CC831CDAF0D800414BA3 /* Build configuration list for PBXNativeTarget "YJBSNetworking" */ = {
			isa = XCConfigurationList;
			buildConfigurations = (
				63F2CC841CDAF0D800414BA3 /* Debug */,
				63F2CC851CDAF0D800414BA3 /* Release */,
			);
			defaultConfigurationIsVisible = 0;
			defaultConfigurationName = Release;
		};
/* End XCConfigurationList section */
	};
	rootObject = 63F2CC641CDAF0D800414BA3 /* Project object */;
}
